
Microsoft Visual Studio Solution File, Format Version 12.00
# Visual Studio Version 17
VisualStudioVersion = 17.2.32630.192
MinimumVisualStudioVersion = 10.0.40219.1
Project("{FAE04EC0-301F-11D3-BF4B-00C04F79EFBC}") = "PalindromeChallenge", "PalindromeChallenge\PalindromeChallenge.csproj", "{1E8C4527-23FC-4891-AB6E-6A7B691E7881}"
EndProject
Global
	GlobalSection(SolutionConfigurationPlatforms) = preSolution
		Debug|Any CPU = Debug|Any CPU
		Release|Any CPU = Release|Any CPU
	EndGlobalSection
	GlobalSection(ProjectConfigurationPlatforms) = postSolution
		{1E8C4527-23FC-4891-AB6E-6A7B691E7881}.Debug|Any CPU.ActiveCfg = Debug|Any CPU
		{1E8C4527-23FC-4891-AB6E-6A7B691E7881}.Debug|Any CPU.Build.0 = Debug|Any CPU
		{1E8C4527-23FC-4891-AB6E-6A7B691E7881}.Release|Any CPU.ActiveCfg = Release|Any CPU
		{1E8C4527-23FC-4891-AB6E-6A7B691E7881}.Release|Any CPU.Build.0 = Release|Any CPU
	EndGlobalSection
	GlobalSection(SolutionProperties) = preSolution
		HideSolutionNode = FALSE
	EndGlobalSection
	GlobalSection(ExtensibilityGlobals) = postSolution
		SolutionGuid = {1C1ECEAB-E656-4E5C-9618-2DCAB7E1F909}
	EndGlobalSection
EndGlobal
